{
  "name": "jeremy",
  "version": "1.0.0",
  "lockfileVersion": 2,
  "requires": true,
  "packages": {
    "": {
      "name": "jeremy",
      "version": "1.0.0",
      "license": "UNLICENSED",
      "dependencies": {
        "framework": "file:../framework"
      },
      "devDependencies": {
        "typescript": "^4.8.2"
      }
    },
    "../framework": {
      "version": "1.0.0",
      "license": "GPL-3.0",
      "dependencies": {
        "@jeremy-bankes/toolbox": "^1.4.2"
      },
      "devDependencies": {
        "@types/express": "^4.17.13",
        "@types/node": "^18.6.4",
        "nodemon": "^2.0.19",
        "typescript": "^4.7.4"
      }
    },
    "node_modules/framework": {
      "resolved": "../framework",
      "link": true
    },
    "node_modules/typescript": {
      "version": "4.8.2",
      "resolved": "https://registry.npmjs.org/typescript/-/typescript-4.8.2.tgz",
      "integrity": "sha512-C0I1UsrrDHo2fYI5oaCGbSejwX4ch+9Y5jTQELvovfmFkK3HHSZJB8MSJcWLmCUBzQBchCrZ9rMRV6GuNrvGtw==",
      "dev": true,
      "bin": {
        "tsc": "bin/tsc",
        "tsserver": "bin/tsserver"
      },
      "engines": {
        "node": ">=4.2.0"
      }
    }
  },
  "dependencies": {
    "framework": {
      "version": "file:../framework",
      "requires": {
        "@jeremy-bankes/toolbox": "^1.4.2",
        "@types/express": "^4.17.13",
        "@types/node": "^18.6.4",
        "nodemon": "^2.0.19",
        "typescript": "^4.7.4"
      }
    },
    "typescript": {
      "version": "4.8.2",
      "resolved": "https://registry.npmjs.org/typescript/-/typescript-4.8.2.tgz",
      "integrity": "sha512-C0I1UsrrDHo2fYI5oaCGbSejwX4ch+9Y5jTQELvovfmFkK3HHSZJB8MSJcWLmCUBzQBchCrZ9rMRV6GuNrvGtw==",
      "dev": true
    }
  }
}
